// !$*UTF8*$!
{
	archiveVersion = 1;
	classes = {
	};
	objectVersion = 46;
	objects = {

/* Begin PBXBuildFile section */
		500CC0C719451D9B006A67DB /* AppDelegate.swift in Sources */ = {isa = PBXBuildFile; fileRef = 500CC0C619451D9B006A67DB /* AppDelegate.swift */; };
		500CC0C919451D9B006A67DB /* FirstViewController.swift in Sources */ = {isa = PBXBuildFile; fileRef = 500CC0C819451D9B006A67DB /* FirstViewController.swift */; };
		500CC0CB19451D9B006A67DB /* SecondViewController.swift in Sources */ = {isa = PBXBuildFile; fileRef = 500CC0CA19451D9B006A67DB /* SecondViewController.swift */; };
		500CC0CE19451D9B006A67DB /* Main.storyboard in Resources */ = {isa = PBXBuildFile; fileRef = 500CC0CC19451D9B006A67DB /* Main.storyboard */; };
		500CC0D019451D9B006A67DB /* Images.xcassets in Resources */ = {isa = PBXBuildFile; fileRef = 500CC0CF19451D9B006A67DB /* Images.xcassets */; };
		500CC0DC19451D9B006A67DB /* PurchaseTrackerTests.swift in Sources */ = {isa = PBXBuildFile; fileRef = 500CC0DB19451D9B006A67DB /* PurchaseTrackerTests.swift */; };
		503B94B71968BDAD00560BAB /* PurchasesTableViewController.swift in Sources */ = {isa = PBXBuildFile; fileRef = 503B94B61968BDAD00560BAB /* PurchasesTableViewController.swift */; };
/* End PBXBuildFile section */

/* Begin PBXContainerItemProxy section */
		500CC0D619451D9B006A67DB /* PBXContainerItemProxy */ = {
			isa = PBXContainerItemProxy;
			containerPortal = 500CC0B919451D9B006A67DB /* Project object */;
			proxyType = 1;
			remoteGlobalIDString = 500CC0C019451D9B006A67DB;
			remoteInfo = PurchaseTracker;
		};
/* End PBXContainerItemProxy section */

/* Begin PBXFileReference section */
		500CC0C119451D9B006A67DB /* PurchaseTracker.app */ = {isa = PBXFileReference; explicitFileType = wrapper.application; includeInIndex = 0; path = PurchaseTracker.app; sourceTree = BUILT_PRODUCTS_DIR; };
		500CC0C519451D9B006A67DB /* Info.plist */ = {isa = PBXFileReference; lastKnownFileType = text.plist.xml; path = Info.plist; sourceTree = "<group>"; };
		500CC0C619451D9B006A67DB /* AppDelegate.swift */ = {isa = PBXFileReference; lastKnownFileType = sourcecode.swift; path = AppDelegate.swift; sourceTree = "<group>"; };
		500CC0C819451D9B006A67DB /* FirstViewController.swift */ = {isa = PBXFileReference; lastKnownFileType = sourcecode.swift; path = FirstViewController.swift; sourceTree = "<group>"; };
		500CC0CA19451D9B006A67DB /* SecondViewController.swift */ = {isa = PBXFileReference; lastKnownFileType = sourcecode.swift; path = SecondViewController.swift; sourceTree = "<group>"; };
		500CC0CD19451D9B006A67DB /* Base */ = {isa = PBXFileReference; lastKnownFileType = file.storyboard; name = Base; path = Base.lproj/Main.storyboard; sourceTree = "<group>"; };
		500CC0CF19451D9B006A67DB /* Images.xcassets */ = {isa = PBXFileReference; lastKnownFileType = folder.assetcatalog; path = Images.xcassets; sourceTree = "<group>"; };
		500CC0D519451D9B006A67DB /* PurchaseTrackerTests.xctest */ = {isa = PBXFileReference; explicitFileType = wrapper.cfbundle; includeInIndex = 0; path = PurchaseTrackerTests.xctest; sourceTree = BUILT_PRODUCTS_DIR; };
		500CC0DA19451D9B006A67DB /* Info.plist */ = {isa = PBXFileReference; lastKnownFileType = text.plist.xml; path = Info.plist; sourceTree = "<group>"; };
		500CC0DB19451D9B006A67DB /* PurchaseTrackerTests.swift */ = {isa = PBXFileReference; lastKnownFileType = sourcecode.swift; path = PurchaseTrackerTests.swift; sourceTree = "<group>"; };
		503B94B61968BDAD00560BAB /* PurchasesTableViewController.swift */ = {isa = PBXFileReference; fileEncoding = 4; lastKnownFileType = sourcecode.swift; path = PurchasesTableViewController.swift; sourceTree = "<group>"; };
/* End PBXFileReference section */

/* Begin PBXFrameworksBuildPhase section */
		500CC0BE19451D9B006A67DB /* Frameworks */ = {
			isa = PBXFrameworksBuildPhase;
			buildActionMask = 2147483647;
			files = (
			);
			runOnlyForDeploymentPostprocessing = 0;
		};
		500CC0D219451D9B006A67DB /* Frameworks */ = {
			isa = PBXFrameworksBuildPhase;
			buildActionMask = 2147483647;
			files = (
			);
			runOnlyForDeploymentPostprocessing = 0;
		};
/* End PBXFrameworksBuildPhase section */

/* Begin PBXGroup section */
		500CC0B819451D9B006A67DB = {
			isa = PBXGroup;
			children = (
				500CC0C319451D9B006A67DB /* PurchaseTracker */,
				500CC0D819451D9B006A67DB /* PurchaseTrackerTests */,
				500CC0C219451D9B006A67DB /* Products */,
			);
			sourceTree = "<group>";
		};
		500CC0C219451D9B006A67DB /* Products */ = {
			isa = PBXGroup;
			children = (
				500CC0C119451D9B006A67DB /* PurchaseTracker.app */,
				500CC0D519451D9B006A67DB /* PurchaseTrackerTests.xctest */,
			);
			name = Products;
			sourceTree = "<group>";
		};
		500CC0C319451D9B006A67DB /* PurchaseTracker */ = {
			isa = PBXGroup;
			children = (
				500CC0C619451D9B006A67DB /* AppDelegate.swift */,
				500CC0C819451D9B006A67DB /* FirstViewController.swift */,
				500CC0CA19451D9B006A67DB /* SecondViewController.swift */,
				503B94B61968BDAD00560BAB /* PurchasesTableViewController.swift */,
				500CC0CC19451D9B006A67DB /* Main.storyboard */,
				500CC0CF19451D9B006A67DB /* Images.xcassets */,
				500CC0C419451D9B006A67DB /* Supporting Files */,
			);
			path = PurchaseTracker;
			sourceTree = "<group>";
		};
		500CC0C419451D9B006A67DB /* Supporting Files */ = {
			isa = PBXGroup;
			children = (
				500CC0C519451D9B006A67DB /* Info.plist */,
			);
			name = "Supporting Files";
			sourceTree = "<group>";
		};
		500CC0D819451D9B006A67DB /* PurchaseTrackerTests */ = {
			isa = PBXGroup;
			children = (
				500CC0DB19451D9B006A67DB /* PurchaseTrackerTests.swift */,
				500CC0D919451D9B006A67DB /* Supporting Files */,
			);
			path = PurchaseTrackerTests;
			sourceTree = "<group>";
		};
		500CC0D919451D9B006A67DB /* Supporting Files */ = {
			isa = PBXGroup;
			children = (
				500CC0DA19451D9B006A67DB /* Info.plist */,
			);
			name = "Supporting Files";
			sourceTree = "<group>";
		};
/* End PBXGroup section */

/* Begin PBXNativeTarget section */
		500CC0C019451D9B006A67DB /* PurchaseTracker */ = {
			isa = PBXNativeTarget;
			buildConfigurationList = 500CC0DF19451D9B006A67DB /* Build configuration list for PBXNativeTarget "PurchaseTracker" */;
			buildPhases = (
				500CC0BD19451D9B006A67DB /* Sources */,
				500CC0BE19451D9B006A67DB /* Frameworks */,
				500CC0BF19451D9B006A67DB /* Resources */,
			);
			buildRules = (
			);
			dependencies = (
			);
			name = PurchaseTracker;
			productName = PurchaseTracker;
			productReference = 500CC0C119451D9B006A67DB /* PurchaseTracker.app */;
			productType = "com.apple.product-type.application";
		};
		500CC0D419451D9B006A67DB /* PurchaseTrackerTests */ = {
			isa = PBXNativeTarget;
			buildConfigurationList = 500CC0E219451D9B006A67DB /* Build configuration list for PBXNativeTarget "PurchaseTrackerTests" */;
			buildPhases = (
				500CC0D119451D9B006A67DB /* Sources */,
				500CC0D219451D9B006A67DB /* Frameworks */,
				500CC0D319451D9B006A67DB /* Resources */,
			);
			buildRules = (
			);
			dependencies = (
				500CC0D719451D9B006A67DB /* PBXTargetDependency */,
			);
			name = PurchaseTrackerTests;
			productName = PurchaseTrackerTests;
			productReference = 500CC0D519451D9B006A67DB /* PurchaseTrackerTests.xctest */;
			productType = "com.apple.product-type.bundle.unit-test";
		};
/* End PBXNativeTarget section */

/* Begin PBXProject section */
		500CC0B919451D9B006A67DB /* Project object */ = {
			isa = PBXProject;
			attributes = {
				LastUpgradeCheck = 0600;
				ORGANIZATIONNAME = Greyland;
				TargetAttributes = {
					500CC0C019451D9B006A67DB = {
						CreatedOnToolsVersion = 6.0;
					};
					500CC0D419451D9B006A67DB = {
						CreatedOnToolsVersion = 6.0;
						TestTargetID = 500CC0C019451D9B006A67DB;
					};
				};
			};
			buildConfigurationList = 500CC0BC19451D9B006A67DB /* Build configuration list for PBXProject "PurchaseTracker" */;
			compatibilityVersion = "Xcode 3.2";
			developmentRegion = English;
			hasScannedForEncodings = 0;
			knownRegions = (
				en,
				Base,
			);
			mainGroup = 500CC0B819451D9B006A67DB;
			productRefGroup = 500CC0C219451D9B006A67DB /* Products */;
			projectDirPath = "";
			projectRoot = "";
			targets = (
				500CC0C019451D9B006A67DB /* PurchaseTracker */,
				500CC0D419451D9B006A67DB /* PurchaseTrackerTests */,
			);
		};
/* End PBXProject section */

/* Begin PBXResourcesBuildPhase section */
		500CC0BF19451D9B006A67DB /* Resources */ = {
			isa = PBXResourcesBuildPhase;
			buildActionMask = 2147483647;
			files = (
				500CC0CE19451D9B006A67DB /* Main.storyboard in Resources */,
				500CC0D019451D9B006A67DB /* Images.xcassets in Resources */,
			);
			runOnlyForDeploymentPostprocessing = 0;
		};
		500CC0D319451D9B006A67DB /* Resources */ = {
			isa = PBXResourcesBuildPhase;
			buildActionMask = 2147483647;
			files = (
			);
			runOnlyForDeploymentPostprocessing = 0;
		};
/* End PBXResourcesBuildPhase section */

/* Begin PBXSourcesBuildPhase section */
		500CC0BD19451D9B006A67DB /* Sources */ = {
			isa = PBXSourcesBuildPhase;
			buildActionMask = 2147483647;
			files = (
				500CC0CB19451D9B006A67DB /* SecondViewController.swift in Sources */,
				500CC0C719451D9B006A67DB /* AppDelegate.swift in Sources */,
				503B94B71968BDAD00560BAB /* PurchasesTableViewController.swift in Sources */,
				500CC0C919451D9B006A67DB /* FirstViewController.swift in Sources */,
			);
			runOnlyForDeploymentPostprocessing = 0;
		};
		500CC0D119451D9B006A67DB /* Sources */ = {
			isa = PBXSourcesBuildPhase;
			buildActionMask = 2147483647;
			files = (
				500CC0DC19451D9B006A67DB /* PurchaseTrackerTests.swift in Sources */,
			);
			runOnlyForDeploymentPostprocessing = 0;
		};
/* End PBXSourcesBuildPhase section */

/* Begin PBXTargetDependency section */
		500CC0D719451D9B006A67DB /* PBXTargetDependency */ = {
			isa = PBXTargetDependency;
			target = 500CC0C019451D9B006A67DB /* PurchaseTracker */;
			targetProxy = 500CC0D619451D9B006A67DB /* PBXContainerItemProxy */;
		};
/* End PBXTargetDependency section */

/* Begin PBXVariantGroup section */
		500CC0CC19451D9B006A67DB /* Main.storyboard */ = {
			isa = PBXVariantGroup;
			children = (
				500CC0CD19451D9B006A67DB /* Base */,
			);
			name = Main.storyboard;
			sourceTree = "<group>";
		};
/* End PBXVariantGroup section */

/* Begin XCBuildConfiguration section */
		500CC0DD19451D9B006A67DB /* Debug */ = {
			isa = XCBuildConfiguration;
			buildSettings = {
				ALWAYS_SEARCH_USER_PATHS = NO;
				CLANG_CXX_LANGUAGE_STANDARD = "gnu++0x";
				CLANG_CXX_LIBRARY = "libc++";
				CLANG_ENABLE_MODULES = YES;
				CLANG_ENABLE_OBJC_ARC = YES;
				CLANG_WARN_BOOL_CONVERSION = YES;
				CLANG_WARN_CONSTANT_CONVERSION = YES;
				CLANG_WARN_DIRECT_OBJC_ISA_USAGE = YES_ERROR;
				CLANG_WARN_EMPTY_BODY = YES;
				CLANG_WARN_ENUM_CONVERSION = YES;
				CLANG_WARN_INT_CONVERSION = YES;
				CLANG_WARN_OBJC_ROOT_CLASS = YES_ERROR;
				CLANG_WARN_UNREACHABLE_CODE = YES;
				CLANG_WARN__DUPLICATE_METHOD_MATCH = YES;
				"CODE_SIGN_IDENTITY[sdk=iphoneos*]" = "iPhone Developer";
				COPY_PHASE_STRIP = NO;
				ENABLE_STRICT_OBJC_MSGSEND = YES;
				GCC_C_LANGUAGE_STANDARD = gnu99;
				GCC_DYNAMIC_NO_PIC = NO;
				GCC_OPTIMIZATION_LEVEL = 0;
				GCC_PREPROCESSOR_DEFINITIONS = (
					"DEBUG=1",
					"$(inherited)",
				);
				GCC_SYMBOLS_PRIVATE_EXTERN = NO;
				GCC_WARN_64_TO_32_BIT_CONVERSION = YES;
				GCC_WARN_ABOUT_RETURN_TYPE = YES_ERROR;
				GCC_WARN_UNDECLARED_SELECTOR = YES;
				GCC_WARN_UNINITIALIZED_AUTOS = YES_AGGRESSIVE;
				GCC_WARN_UNUSED_FUNCTION = YES;
				GCC_WARN_UNUSED_VARIABLE = YES;
				IPHONEOS_DEPLOYMENT_TARGET = 8.0;
				METAL_ENABLE_DEBUG_INFO = YES;
				ONLY_ACTIVE_ARCH = YES;
				SDKROOT = iphoneos;
				SWIFT_OPTIMIZATION_LEVEL = "-Onone";
			};
			name = Debug;
		};
		500CC0DE19451D9B006A67DB /* Release */ = {
			isa = XCBuildConfiguration;
			buildSettings = {
				ALWAYS_SEARCH_USER_PATHS = NO;
				CLANG_CXX_LANGUAGE_STANDARD = "gnu++0x";
				CLANG_CXX_LIBRARY = "libc++";
				CLANG_ENABLE_MODULES = YES;
				CLANG_ENABLE_OBJC_ARC = YES;
				CLANG_WARN_BOOL_CONVERSION = YES;
				CLANG_WARN_CONSTANT_CONVERSION = YES;
				CLANG_WARN_DIRECT_OBJC_ISA_USAGE = YES_ERROR;
				CLANG_WARN_EMPTY_BODY = YES;
				CLANG_WARN_ENUM_CONVERSION = YES;
				CLANG_WARN_INT_CONVERSION = YES;
				CLANG_WARN_OBJC_ROOT_CLASS = YES_ERROR;
				CLANG_WARN_UNREACHABLE_CODE = YES;
				CLANG_WARN__DUPLICATE_METHOD_MATCH = YES;
				"CODE_SIGN_IDENTITY[sdk=iphoneos*]" = "iPhone Developer";
				COPY_PHASE_STRIP = YES;
				ENABLE_NS_ASSERTIONS = NO;
				ENABLE_STRICT_OBJC_MSGSEND = YES;
				GCC_C_LANGUAGE_STANDARD = gnu99;
				GCC_WARN_64_TO_32_BIT_CONVERSION = YES;
				GCC_WARN_ABOUT_RETURN_TYPE = YES_ERROR;
				GCC_WARN_UNDECLARED_SELECTOR = YES;
				GCC_WARN_UNINITIALIZED_AUTOS = YES_AGGRESSIVE;
				GCC_WARN_UNUSED_FUNCTION = YES;
				GCC_WARN_UNUSED_VARIABLE = YES;
				IPHONEOS_DEPLOYMENT_TARGET = 8.0;
				METAL_ENABLE_DEBUG_INFO = NO;
				SDKROOT = iphoneos;
				VALIDATE_PRODUCT = YES;
			};
			name = Release;
		};
		500CC0E019451D9B006A67DB /* Debug */ = {
			isa = XCBuildConfiguration;
			buildSettings = {
				ASSETCATALOG_COMPILER_APPICON_NAME = AppIcon;
				ASSETCATALOG_COMPILER_LAUNCHIMAGE_NAME = LaunchImage;
				INFOPLIST_FILE = PurchaseTracker/Info.plist;
				LD_RUNPATH_SEARCH_PATHS = "$(inherited) @executable_path/Frameworks";
				PRODUCT_NAME = "$(TARGET_NAME)";
			};
			name = Debug;
		};
		500CC0E119451D9B006A67DB /* Release */ = {
			isa = XCBuildConfiguration;
			buildSettings = {
				ASSETCATALOG_COMPILER_APPICON_NAME = AppIcon;
				ASSETCATALOG_COMPILER_LAUNCHIMAGE_NAME = LaunchImage;
				INFOPLIST_FILE = PurchaseTracker/Info.plist;
				LD_RUNPATH_SEARCH_PATHS = "$(inherited) @executable_path/Frameworks";
				PRODUCT_NAME = "$(TARGET_NAME)";
			};
			name = Release;
		};
		500CC0E319451D9B006A67DB /* Debug */ = {
			isa = XCBuildConfiguration;
			buildSettings = {
				BUNDLE_LOADER = "$(BUILT_PRODUCTS_DIR)/PurchaseTracker.app/PurchaseTracker";
				FRAMEWORK_SEARCH_PATHS = (
					"$(SDKROOT)/Developer/Library/Frameworks",
					"$(inherited)",
				);
				GCC_PREPROCESSOR_DEFINITIONS = (
					"DEBUG=1",
					"$(inherited)",
				);
				INFOPLIST_FILE = PurchaseTrackerTests/Info.plist;
				LD_RUNPATH_SEARCH_PATHS = "$(inherited) @executable_path/Frameworks @loader_path/Frameworks";
				METAL_ENABLE_DEBUG_INFO = YES;
				PRODUCT_NAME = "$(TARGET_NAME)";
				TEST_HOST = "$(BUNDLE_LOADER)";
			};
			name = Debug;
		};
		500CC0E419451D9B006A67DB /* Release */ = {
			isa = XCBuildConfiguration;
			buildSettings = {
				BUNDLE_LOADER = "$(BUILT_PRODUCTS_DIR)/PurchaseTracker.app/PurchaseTracker";
				FRAMEWORK_SEARCH_PATHS = (
					"$(SDKROOT)/Developer/Library/Frameworks",
					"$(inherited)",
				);
				INFOPLIST_FILE = PurchaseTrackerTests/Info.plist;
				LD_RUNPATH_SEARCH_PATHS = "$(inherited) @executable_path/Frameworks @loader_path/Frameworks";
				METAL_ENABLE_DEBUG_INFO = NO;
				PRODUCT_NAME = "$(TARGET_NAME)";
				TEST_HOST = "$(BUNDLE_LOADER)";
			};
			name = Release;
		};
/* End XCBuildConfiguration section */

/* Begin XCConfigurationList section */
		500CC0BC19451D9B006A67DB /* Build configuration list for PBXProject "PurchaseTracker" */ = {
			isa = XCConfigurationList;
			buildConfigurations = (
				500CC0DD19451D9B006A67DB /* Debug */,
				500CC0DE19451D9B006A67DB /* Release */,
			);
			defaultConfigurationIsVisible = 0;
			defaultConfigurationName = Release;
		};
		500CC0DF19451D9B006A67DB /* Build configuration list for PBXNativeTarget "PurchaseTracker" */ = {
			isa = XCConfigurationList;
			buildConfigurations = (
				500CC0E019451D9B006A67DB /* Debug */,
				500CC0E119451D9B006A67DB /* Release */,
			);
			defaultConfigurationIsVisible = 0;
			defaultConfigurationName = Release;
		};
		500CC0E219451D9B006A67DB /* Build configuration list for PBXNativeTarget "PurchaseTrackerTests" */ = {
			isa = XCConfigurationList;
			buildConfigurations = (
				500CC0E319451D9B006A67DB /* Debug */,
				500CC0E419451D9B006A67DB /* Release */,
			);
			defaultConfigurationIsVisible = 0;
			defaultConfigurationName = Release;
		};
/* End XCConfigurationList section */
	};
	rootObject = 500CC0B919451D9B006A67DB /* Project object */;
}
